
Microsoft Visual Studio Solution File, Format Version 12.00
# Visual Studio Version 16
VisualStudioVersion = 16.0.30225.117
MinimumVisualStudioVersion = 10.0.40219.1
Project("{FAE04EC0-301F-11D3-BF4B-00C04F79EFBC}") = "Schoggi", "Schoggi\Schoggi.csproj", "{4A7D8A79-9F9B-45AE-B100-D8B7E521DD4F}"
EndProject
Global
	GlobalSection(SolutionConfigurationPlatforms) = preSolution
		Debug|Any CPU = Debug|Any CPU
		Release|Any CPU = Release|Any CPU
	EndGlobalSection
	GlobalSection(ProjectConfigurationPlatforms) = postSolution
		{4A7D8A79-9F9B-45AE-B100-D8B7E521DD4F}.Debug|Any CPU.ActiveCfg = Debug|Any CPU
		{4A7D8A79-9F9B-45AE-B100-D8B7E521DD4F}.Debug|Any CPU.Build.0 = Debug|Any CPU
		{4A7D8A79-9F9B-45AE-B100-D8B7E521DD4F}.Release|Any CPU.ActiveCfg = Release|Any CPU
		{4A7D8A79-9F9B-45AE-B100-D8B7E521DD4F}.Release|Any CPU.Build.0 = Release|Any CPU
	EndGlobalSection
	GlobalSection(SolutionProperties) = preSolution
		HideSolutionNode = FALSE
	EndGlobalSection
	GlobalSection(ExtensibilityGlobals) = postSolution
		SolutionGuid = {DEF28EC6-04F8-41F1-9155-7C863E708BCA}
	EndGlobalSection
EndGlobal
